PODS:
  - DLRadioButton (1.4.12)
  - FLAnimatedImage (1.0.17)
  - FSCalendar (2.8.4)
  - SDWebImage (5.15.7):
    - SDWebImage/Core (= 5.15.7)
  - SDWebImage/Core (5.15.7)

DEPENDENCIES:
  - DLRadioButton (~> 1.4)
  - FLAnimatedImage
  - FSCalendar
  - SDWebImage (~> 5.0)

SPEC REPOS:
  trunk:
    - DLRadioButton
    - FLAnimatedImage
    - FSCalendar
    - SDWebImage

SPEC CHECKSUMS:
  DLRadioButton: d7c4e225ed0e8013cef7be61455230c7557ad7c1
  FLAnimatedImage: bbf914596368867157cc71b38a8ec834b3eeb32b
  FSCalendar: 2d1d0d9398f12d439f55c1fe0f01525b151b8260
  SDWebImage: 25bac438318faf37e35650619ebc288a9061d292

PODFILE CHECKSUM: cdbb4af7c760069a72181d1e04dc961390bd584f

COCOAPODS: 1.11.3
